// !$*UTF8*$!
{
	archiveVersion = 1;
	classes = {
	};
	objectVersion = 77;
	objects = {

/* Begin PBXBuildFile section */
		066429734C4495D0EF2F6512 /* SettingsPage.swift in Sources */ = {isa = PBXBuildFile; fileRef = CB3442E8B0D26A2687213597 /* SettingsPage.swift */; };
		0C6D0A2B70311B6694DB6A32 /* ProcessesPage.swift in Sources */ = {isa = PBXBuildFile; fileRef = 5A3AD2CFC1BAD9162CEB8A32 /* ProcessesPage.swift */; };
		1CFEF865253C36A306DF6D7B /* ServicesPage.swift in Sources */ = {isa = PBXBuildFile; fileRef = FEEFDCC2A5DADE75BEB6C441 /* ServicesPage.swift */; };
		1F520226D630D56F256A0BD8 /* PowerFreqPage.swift in Sources */ = {isa = PBXBuildFile; fileRef = 639E8C3582A7A23A97E7A7AD /* PowerFreqPage.swift */; };
		221444AE7113D13318C4AA05 /* CapacityBar.swift in Sources */ = {isa = PBXBuildFile; fileRef = F4BE4408B3F8C710F1379573 /* CapacityBar.swift */; };
		23A13AD14C36720A0EEB2772 /* PageInfoBar.swift in Sources */ = {isa = PBXBuildFile; fileRef = 2F2BCE2074655275A7E15232 /* PageInfoBar.swift */; };
		3462FF9454C981FB67F5B2D4 /* Assets.xcassets in Resources */ = {isa = PBXBuildFile; fileRef = 19A552464A7635E7362DF790 /* Assets.xcassets */; };
		3C4613DF465070EA4A31CC51 /* Snapshot.swift in Sources */ = {isa = PBXBuildFile; fileRef = 3759B4CB5B6032B470CB0683 /* Snapshot.swift */; };
		3FF764B0AD46E36BDCDE7E64 /* AppShell.swift in Sources */ = {isa = PBXBuildFile; fileRef = 68E79BFF1AF67F74D1F03B9E /* AppShell.swift */; };
		40A7EF8A8F0BBF45861E2A7D /* IDOTaskMasterApp.swift in Sources */ = {isa = PBXBuildFile; fileRef = 136763FBB239D1EB8BA21EE8 /* IDOTaskMasterApp.swift */; };
		48633E0F147F8FED0C11FDCD /* SidebarPage.swift in Sources */ = {isa = PBXBuildFile; fileRef = CD121A171F2D09BDEEE7A772 /* SidebarPage.swift */; };
		49A9BDBE01FF37CBA4A475B7 /* MetricDomain.swift in Sources */ = {isa = PBXBuildFile; fileRef = 0CDD32B12D1A8337EC1828B0 /* MetricDomain.swift */; };
		4E9C351A755713EEDABB744A /* SystemInfoPage.swift in Sources */ = {isa = PBXBuildFile; fileRef = 2A979965565A6DC79E3046AF /* SystemInfoPage.swift */; };
		51C80EE77481548410B8031D /* AppCommands.swift in Sources */ = {isa = PBXBuildFile; fileRef = FADFD7FF9092C34E0DFA97A4 /* AppCommands.swift */; };
		5C62DD4F715810C2EDEB5196 /* DataTable.swift in Sources */ = {isa = PBXBuildFile; fileRef = DFBA4EBA43B413171C77AA1A /* DataTable.swift */; };
		69998A7DFEF5477726CFCECF /* StatTile.swift in Sources */ = {isa = PBXBuildFile; fileRef = 91F545DF4561B2DD8290A4FE /* StatTile.swift */; };
		77A91EA703CA6418B3859CAA /* StatusPalette.swift in Sources */ = {isa = PBXBuildFile; fileRef = 7A7FED98E546C23A80B39657 /* StatusPalette.swift */; };
		86623E159B3365FFCC6FC38C /* NetworkUsagePage.swift in Sources */ = {isa = PBXBuildFile; fileRef = 5FC40D7C8811011DC9E67BD1 /* NetworkUsagePage.swift */; };
		9697A03139EE78D9CE92D854 /* CPUProvider.swift in Sources */ = {isa = PBXBuildFile; fileRef = E43F4EE5EEEB041C04225681 /* CPUProvider.swift */; };
		8DA001CBB43EA7AA2D259393 /* MemoryProvider.swift in Sources */ = {isa = PBXBuildFile; fileRef = 3C71F79B31CEF5B15CDFDADA /* MemoryProvider.swift */; };
		3C6AD4876B444D518974686B /* GPUProvider.swift in Sources */ = {isa = PBXBuildFile; fileRef = 4C6FD907912442C68F17C372 /* GPUProvider.swift */; };
		D4037F0524A3BC0DA6407930 /* DiskProvider.swift in Sources */ = {isa = PBXBuildFile; fileRef = 7522BB1511D7C41F37678538 /* DiskProvider.swift */; };
		CF1DE4EFA7F54FC3817E08BE /* NetworkProvider.swift in Sources */ = {isa = PBXBuildFile; fileRef = 9A170800419540DBAC971B7B /* NetworkProvider.swift */; };
		2AB9541A24C949EE96A8E58D /* EnergyProvider.swift in Sources */ = {isa = PBXBuildFile; fileRef = 978ADD651D22408C8CEA398A /* EnergyProvider.swift */; };
		97853EA0FBCD48A884426DC1 /* ThermalProvider.swift in Sources */ = {isa = PBXBuildFile; fileRef = E6F4CEA77554414692714DBE /* ThermalProvider.swift */; };
		FA7CD8509E56A4724955D632 /* NPUProvider.swift in Sources */ = {isa = PBXBuildFile; fileRef = DD96CBDCFAD6300E4594367A /* NPUProvider.swift */; };
		98B0E4D10DE0A00EF81A4D8D /* DetailPane.swift in Sources */ = {isa = PBXBuildFile; fileRef = F81D96348853E9B1ADC3FA7D /* DetailPane.swift */; };
		9902E029E15F85514F8D4FB2 /* AlertsPage.swift in Sources */ = {isa = PBXBuildFile; fileRef = 424B458AF63AF9D4C147F0F1 /* AlertsPage.swift */; };
		A05F4FC7092087B1C7006DD4 /* ConnectionsPage.swift in Sources */ = {isa = PBXBuildFile; fileRef = 53EE78498DD32EB9CDD1D403 /* ConnectionsPage.swift */; };
		A0AE2BFA9C61F257C052B17D /* PlaceholderPageView.swift in Sources */ = {isa = PBXBuildFile; fileRef = E4A959FA52E29D21845028DC /* PlaceholderPageView.swift */; };
		A13FD174581813239ACE7736 /* UsersPage.swift in Sources */ = {isa = PBXBuildFile; fileRef = 4F8B97EBAB83920036EB8846 /* UsersPage.swift */; };
		B175A6690726D2AE7E4437A2 /* PerformancePage.swift in Sources */ = {isa = PBXBuildFile; fileRef = A678C7BB93902CE37981888C /* PerformancePage.swift */; };
		B64EC4D77F6573F39AF4EF8C /* HistoryGraph.swift in Sources */ = {isa = PBXBuildFile; fileRef = 01B4F1DCA3042387B807DDB6 /* HistoryGraph.swift */; };
		B7EFF266BC0DA607A452E864 /* PageToolbar.swift in Sources */ = {isa = PBXBuildFile; fileRef = B76D58B9FB26ECF5CE7AE5C8 /* PageToolbar.swift */; };
		BF7D43C8C19CD0A85322308B /* StartupPage.swift in Sources */ = {isa = PBXBuildFile; fileRef = 43DF5A09123D0B7EDF5C95B6 /* StartupPage.swift */; };
		C07CCE06F0022681EC560452 /* DomainPalette.swift in Sources */ = {isa = PBXBuildFile; fileRef = D9C8ACA26AABAF2C4C9DD4F0 /* DomainPalette.swift */; };
		C5023E07D3CE54ADEE5B34A3 /* InstalledAppsPage.swift in Sources */ = {isa = PBXBuildFile; fileRef = BD6E2368473F9F2B3A22656C /* InstalledAppsPage.swift */; };
		D66D28FBD4D177CEC4CCE1AB /* SettingsStore.swift in Sources */ = {isa = PBXBuildFile; fileRef = 436E9ADA2EAA787DEC37C0E7 /* SettingsStore.swift */; };
		E44634C0EDB3A5CB67413C3A /* DiskSpacePage.swift in Sources */ = {isa = PBXBuildFile; fileRef = F6CA2C045A204560ADC2EC40 /* DiskSpacePage.swift */; };
		E6160B10479CFD8B01F77853 /* HistoryPage.swift in Sources */ = {isa = PBXBuildFile; fileRef = 2532018841C2ADFB7591035C /* HistoryPage.swift */; };
		EB898092C65A8A4719C4739F /* ProviderProtocol.swift in Sources */ = {isa = PBXBuildFile; fileRef = D4E86CE52D989311E06FE5CA /* ProviderProtocol.swift */; };
		EDEBC2DC357448180002E9A0 /* SummaryPage.swift in Sources */ = {isa = PBXBuildFile; fileRef = 42A298F99E425606CF3BFADD /* SummaryPage.swift */; };
		F1CC931379C79593987B8F20 /* Sampler.swift in Sources */ = {isa = PBXBuildFile; fileRef = 3B14BE14AD8E13ED021DF232 /* Sampler.swift */; };
		F899A3AFAF61E3D8BCBB406A /* BenchmarksPage.swift in Sources */ = {isa = PBXBuildFile; fileRef = 600768385F41B390F6850754 /* BenchmarksPage.swift */; };
		8B2C4E1A9D3F6057B2E4A1C6 /* TopProcessesProvider.swift in Sources */ = {isa = PBXBuildFile; fileRef = 5D9E3A7C2F1B48690AC5D3E7 /* TopProcessesProvider.swift */; };
		79F0335CC463DC08F89A33BE /* ProcessProvider.swift in Sources */ = {isa = PBXBuildFile; fileRef = FD2C188D1DF9B0A5A286C539 /* ProcessProvider.swift */; };
		76C3CAA707C24C95B1E35D5D /* ProcessOutlineView.swift in Sources */ = {isa = PBXBuildFile; fileRef = 806516503F37477D8B4E0600 /* ProcessOutlineView.swift */; };
		05B4180819D9E11A6CD2C0C5 /* UserOutlineView.swift in Sources */ = {isa = PBXBuildFile; fileRef = E269CD0E2FD134CFDC202C21 /* UserOutlineView.swift */; };
/* End PBXBuildFile section */

/* Begin PBXFileReference section */
		01B4F1DCA3042387B807DDB6 /* HistoryGraph.swift */ = {isa = PBXFileReference; lastKnownFileType = sourcecode.swift; path = HistoryGraph.swift; sourceTree = "<group>"; };
		0CDD32B12D1A8337EC1828B0 /* MetricDomain.swift */ = {isa = PBXFileReference; lastKnownFileType = sourcecode.swift; path = MetricDomain.swift; sourceTree = "<group>"; };
		136763FBB239D1EB8BA21EE8 /* IDOTaskMasterApp.swift */ = {isa = PBXFileReference; lastKnownFileType = sourcecode.swift; path = IDOTaskMasterApp.swift; sourceTree = "<group>"; };
		19A552464A7635E7362DF790 /* Assets.xcassets */ = {isa = PBXFileReference; lastKnownFileType = folder.assetcatalog; path = Assets.xcassets; sourceTree = "<group>"; };
		2532018841C2ADFB7591035C /* HistoryPage.swift */ = {isa = PBXFileReference; lastKnownFileType = sourcecode.swift; path = HistoryPage.swift; sourceTree = "<group>"; };
		2A979965565A6DC79E3046AF /* SystemInfoPage.swift */ = {isa = PBXFileReference; lastKnownFileType = sourcecode.swift; path = SystemInfoPage.swift; sourceTree = "<group>"; };
		2F2BCE2074655275A7E15232 /* PageInfoBar.swift */ = {isa = PBXFileReference; lastKnownFileType = sourcecode.swift; path = PageInfoBar.swift; sourceTree = "<group>"; };
		3759B4CB5B6032B470CB0683 /* Snapshot.swift */ = {isa = PBXFileReference; lastKnownFileType = sourcecode.swift; path = Snapshot.swift; sourceTree = "<group>"; };
		3B14BE14AD8E13ED021DF232 /* Sampler.swift */ = {isa = PBXFileReference; lastKnownFileType = sourcecode.swift; path = Sampler.swift; sourceTree = "<group>"; };
		3DDB7B0A20759E2F258900A6 /* IDOTaskMaster.app */ = {isa = PBXFileReference; explicitFileType = wrapper.application; includeInIndex = 0; path = IDOTaskMaster.app; sourceTree = BUILT_PRODUCTS_DIR; };
		424B458AF63AF9D4C147F0F1 /* AlertsPage.swift */ = {isa = PBXFileReference; lastKnownFileType = sourcecode.swift; path = AlertsPage.swift; sourceTree = "<group>"; };
		42A298F99E425606CF3BFADD /* SummaryPage.swift */ = {isa = PBXFileReference; lastKnownFileType = sourcecode.swift; path = SummaryPage.swift; sourceTree = "<group>"; };
		436E9ADA2EAA787DEC37C0E7 /* SettingsStore.swift */ = {isa = PBXFileReference; lastKnownFileType = sourcecode.swift; path = SettingsStore.swift; sourceTree = "<group>"; };
		43DF5A09123D0B7EDF5C95B6 /* StartupPage.swift */ = {isa = PBXFileReference; lastKnownFileType = sourcecode.swift; path = StartupPage.swift; sourceTree = "<group>"; };
		4F8B97EBAB83920036EB8846 /* UsersPage.swift */ = {isa = PBXFileReference; lastKnownFileType = sourcecode.swift; path = UsersPage.swift; sourceTree = "<group>"; };
		53EE78498DD32EB9CDD1D403 /* ConnectionsPage.swift */ = {isa = PBXFileReference; lastKnownFileType = sourcecode.swift; path = ConnectionsPage.swift; sourceTree = "<group>"; };
		5A3AD2CFC1BAD9162CEB8A32 /* ProcessesPage.swift */ = {isa = PBXFileReference; lastKnownFileType = sourcecode.swift; path = ProcessesPage.swift; sourceTree = "<group>"; };
		5FC40D7C8811011DC9E67BD1 /* NetworkUsagePage.swift */ = {isa = PBXFileReference; lastKnownFileType = sourcecode.swift; path = NetworkUsagePage.swift; sourceTree = "<group>"; };
		600768385F41B390F6850754 /* BenchmarksPage.swift */ = {isa = PBXFileReference; lastKnownFileType = sourcecode.swift; path = BenchmarksPage.swift; sourceTree = "<group>"; };
		639E8C3582A7A23A97E7A7AD /* PowerFreqPage.swift */ = {isa = PBXFileReference; lastKnownFileType = sourcecode.swift; path = PowerFreqPage.swift; sourceTree = "<group>"; };
		68E79BFF1AF67F74D1F03B9E /* AppShell.swift */ = {isa = PBXFileReference; lastKnownFileType = sourcecode.swift; path = AppShell.swift; sourceTree = "<group>"; };
		7A7FED98E546C23A80B39657 /* StatusPalette.swift */ = {isa = PBXFileReference; lastKnownFileType = sourcecode.swift; path = StatusPalette.swift; sourceTree = "<group>"; };
		91F545DF4561B2DD8290A4FE /* StatTile.swift */ = {isa = PBXFileReference; lastKnownFileType = sourcecode.swift; path = StatTile.swift; sourceTree = "<group>"; };
		A678C7BB93902CE37981888C /* PerformancePage.swift */ = {isa = PBXFileReference; lastKnownFileType = sourcecode.swift; path = PerformancePage.swift; sourceTree = "<group>"; };
		B76D58B9FB26ECF5CE7AE5C8 /* PageToolbar.swift */ = {isa = PBXFileReference; lastKnownFileType = sourcecode.swift; path = PageToolbar.swift; sourceTree = "<group>"; };
		BD6E2368473F9F2B3A22656C /* InstalledAppsPage.swift */ = {isa = PBXFileReference; lastKnownFileType = sourcecode.swift; path = InstalledAppsPage.swift; sourceTree = "<group>"; };
		CB3442E8B0D26A2687213597 /* SettingsPage.swift */ = {isa = PBXFileReference; lastKnownFileType = sourcecode.swift; path = SettingsPage.swift; sourceTree = "<group>"; };
		CD121A171F2D09BDEEE7A772 /* SidebarPage.swift */ = {isa = PBXFileReference; lastKnownFileType = sourcecode.swift; path = SidebarPage.swift; sourceTree = "<group>"; };
		D4E86CE52D989311E06FE5CA /* ProviderProtocol.swift */ = {isa = PBXFileReference; includeInIndex = 1; lastKnownFileType = sourcecode.swift; name = ProviderProtocol.swift; path = ProviderProtocol.swift; sourceTree = "<group>"; };
		D9C8ACA26AABAF2C4C9DD4F0 /* DomainPalette.swift */ = {isa = PBXFileReference; lastKnownFileType = sourcecode.swift; path = DomainPalette.swift; sourceTree = "<group>"; };
		DFBA4EBA43B413171C77AA1A /* DataTable.swift */ = {isa = PBXFileReference; lastKnownFileType = sourcecode.swift; path = DataTable.swift; sourceTree = "<group>"; };
		E43F4EE5EEEB041C04225681 /* CPUProvider.swift */ = {isa = PBXFileReference; includeInIndex = 1; lastKnownFileType = sourcecode.swift; name = CPUProvider.swift; path = CPUProvider.swift; sourceTree = "<group>"; };
		3C71F79B31CEF5B15CDFDADA /* MemoryProvider.swift */ = {isa = PBXFileReference; includeInIndex = 1; lastKnownFileType = sourcecode.swift; name = MemoryProvider.swift; path = MemoryProvider.swift; sourceTree = "<group>"; };
		4C6FD907912442C68F17C372 /* GPUProvider.swift */ = {isa = PBXFileReference; includeInIndex = 1; lastKnownFileType = sourcecode.swift; name = GPUProvider.swift; path = GPUProvider.swift; sourceTree = "<group>"; };
		7522BB1511D7C41F37678538 /* DiskProvider.swift */ = {isa = PBXFileReference; includeInIndex = 1; lastKnownFileType = sourcecode.swift; name = DiskProvider.swift; path = DiskProvider.swift; sourceTree = "<group>"; };
		9A170800419540DBAC971B7B /* NetworkProvider.swift */ = {isa = PBXFileReference; includeInIndex = 1; lastKnownFileType = sourcecode.swift; name = NetworkProvider.swift; path = NetworkProvider.swift; sourceTree = "<group>"; };
		978ADD651D22408C8CEA398A /* EnergyProvider.swift */ = {isa = PBXFileReference; includeInIndex = 1; lastKnownFileType = sourcecode.swift; name = EnergyProvider.swift; path = EnergyProvider.swift; sourceTree = "<group>"; };
		E6F4CEA77554414692714DBE /* ThermalProvider.swift */ = {isa = PBXFileReference; includeInIndex = 1; lastKnownFileType = sourcecode.swift; name = ThermalProvider.swift; path = ThermalProvider.swift; sourceTree = "<group>"; };
		DD96CBDCFAD6300E4594367A /* NPUProvider.swift */ = {isa = PBXFileReference; includeInIndex = 1; lastKnownFileType = sourcecode.swift; name = NPUProvider.swift; path = NPUProvider.swift; sourceTree = "<group>"; };
		E4A959FA52E29D21845028DC /* PlaceholderPageView.swift */ = {isa = PBXFileReference; lastKnownFileType = sourcecode.swift; path = PlaceholderPageView.swift; sourceTree = "<group>"; };
		F4BE4408B3F8C710F1379573 /* CapacityBar.swift */ = {isa = PBXFileReference; lastKnownFileType = sourcecode.swift; path = CapacityBar.swift; sourceTree = "<group>"; };
		F6CA2C045A204560ADC2EC40 /* DiskSpacePage.swift */ = {isa = PBXFileReference; lastKnownFileType = sourcecode.swift; path = DiskSpacePage.swift; sourceTree = "<group>"; };
		F81D96348853E9B1ADC3FA7D /* DetailPane.swift */ = {isa = PBXFileReference; lastKnownFileType = sourcecode.swift; path = DetailPane.swift; sourceTree = "<group>"; };
		FADFD7FF9092C34E0DFA97A4 /* AppCommands.swift */ = {isa = PBXFileReference; lastKnownFileType = sourcecode.swift; path = AppCommands.swift; sourceTree = "<group>"; };
		FEEFDCC2A5DADE75BEB6C441 /* ServicesPage.swift */ = {isa = PBXFileReference; lastKnownFileType = sourcecode.swift; path = ServicesPage.swift; sourceTree = "<group>"; };
		5D9E3A7C2F1B48690AC5D3E7 /* TopProcessesProvider.swift */ = {isa = PBXFileReference; includeInIndex = 1; lastKnownFileType = sourcecode.swift; name = TopProcessesProvider.swift; path = TopProcessesProvider.swift; sourceTree = "<group>"; };
		FD2C188D1DF9B0A5A286C539 /* ProcessProvider.swift */ = {isa = PBXFileReference; includeInIndex = 1; lastKnownFileType = sourcecode.swift; name = ProcessProvider.swift; path = ProcessProvider.swift; sourceTree = "<group>"; };
		806516503F37477D8B4E0600 /* ProcessOutlineView.swift */ = {isa = PBXFileReference; lastKnownFileType = sourcecode.swift; path = ProcessOutlineView.swift; sourceTree = "<group>"; };
		E269CD0E2FD134CFDC202C21 /* UserOutlineView.swift */ = {isa = PBXFileReference; lastKnownFileType = sourcecode.swift; path = UserOutlineView.swift; sourceTree = "<group>"; };
/* End PBXFileReference section */

/* Begin PBXGroup section */
		16B7704DA355B56D77A66B26 /* Theme */ = {
			isa = PBXGroup;
			children = (
				D9C8ACA26AABAF2C4C9DD4F0 /* DomainPalette.swift */,
				0CDD32B12D1A8337EC1828B0 /* MetricDomain.swift */,
				7A7FED98E546C23A80B39657 /* StatusPalette.swift */,
			);
			path = Theme;
			sourceTree = "<group>";
		};
		193416E6E8A160A7B51B28AB /* Providers */ = {
			isa = PBXGroup;
			children = (
				E43F4EE5EEEB041C04225681 /* CPUProvider.swift */,
				3C71F79B31CEF5B15CDFDADA /* MemoryProvider.swift */,
				4C6FD907912442C68F17C372 /* GPUProvider.swift */,
				7522BB1511D7C41F37678538 /* DiskProvider.swift */,
				9A170800419540DBAC971B7B /* NetworkProvider.swift */,
				978ADD651D22408C8CEA398A /* EnergyProvider.swift */,
				E6F4CEA77554414692714DBE /* ThermalProvider.swift */,
				DD96CBDCFAD6300E4594367A /* NPUProvider.swift */,
				5D9E3A7C2F1B48690AC5D3E7 /* TopProcessesProvider.swift */,
				FD2C188D1DF9B0A5A286C539 /* ProcessProvider.swift */,
			);
			name = Providers;
			path = Providers;
			sourceTree = "<group>";
		};
		1A74EFC5343F77A09257E3E9 /* Pages */ = {
			isa = PBXGroup;
			children = (
				CD121A171F2D09BDEEE7A772 /* SidebarPage.swift */,
				E4A959FA52E29D21845028DC /* PlaceholderPageView.swift */,
				42A298F99E425606CF3BFADD /* SummaryPage.swift */,
				A678C7BB93902CE37981888C /* PerformancePage.swift */,
				5A3AD2CFC1BAD9162CEB8A32 /* ProcessesPage.swift */,
				2A979965565A6DC79E3046AF /* SystemInfoPage.swift */,
				43DF5A09123D0B7EDF5C95B6 /* StartupPage.swift */,
				4F8B97EBAB83920036EB8846 /* UsersPage.swift */,
				FEEFDCC2A5DADE75BEB6C441 /* ServicesPage.swift */,
				639E8C3582A7A23A97E7A7AD /* PowerFreqPage.swift */,
				53EE78498DD32EB9CDD1D403 /* ConnectionsPage.swift */,
				5FC40D7C8811011DC9E67BD1 /* NetworkUsagePage.swift */,
				BD6E2368473F9F2B3A22656C /* InstalledAppsPage.swift */,
				F6CA2C045A204560ADC2EC40 /* DiskSpacePage.swift */,
				600768385F41B390F6850754 /* BenchmarksPage.swift */,
				2532018841C2ADFB7591035C /* HistoryPage.swift */,
				424B458AF63AF9D4C147F0F1 /* AlertsPage.swift */,
				CB3442E8B0D26A2687213597 /* SettingsPage.swift */,
			);
			path = Pages;
			sourceTree = "<group>";
		};
		2575D467309D7C775EFAE6F1 /* Core */ = {
			isa = PBXGroup;
			children = (
				3B14BE14AD8E13ED021DF232 /* Sampler.swift */,
				3759B4CB5B6032B470CB0683 /* Snapshot.swift */,
				D4E86CE52D989311E06FE5CA /* ProviderProtocol.swift */,
			);
			path = Core;
			sourceTree = "<group>";
		};
		6539C8339A4B129D8FA506D1 /* IDOTaskMaster */ = {
			isa = PBXGroup;
			children = (
				19A552464A7635E7362DF790 /* Assets.xcassets */,
				81D46E13627D84B88ED2066B /* App */,
				F19842A861BAD23C74C04EA5 /* Components */,
				2575D467309D7C775EFAE6F1 /* Core */,
				1A74EFC5343F77A09257E3E9 /* Pages */,
				16B7704DA355B56D77A66B26 /* Theme */,
				193416E6E8A160A7B51B28AB /* Providers */,
			);
			path = IDOTaskMaster;
			sourceTree = "<group>";
		};
		6FF3634D16AAD3A4B786EEBE = {
			isa = PBXGroup;
			children = (
				6539C8339A4B129D8FA506D1 /* IDOTaskMaster */,
				7521289E62097B9D702B9F64 /* Products */,
			);
			sourceTree = "<group>";
		};
		7521289E62097B9D702B9F64 /* Products */ = {
			isa = PBXGroup;
			children = (
				3DDB7B0A20759E2F258900A6 /* IDOTaskMaster.app */,
			);
			name = Products;
			sourceTree = "<group>";
		};
		81D46E13627D84B88ED2066B /* App */ = {
			isa = PBXGroup;
			children = (
				FADFD7FF9092C34E0DFA97A4 /* AppCommands.swift */,
				68E79BFF1AF67F74D1F03B9E /* AppShell.swift */,
				136763FBB239D1EB8BA21EE8 /* IDOTaskMasterApp.swift */,
				436E9ADA2EAA787DEC37C0E7 /* SettingsStore.swift */,
			);
			path = App;
			sourceTree = "<group>";
		};
		F19842A861BAD23C74C04EA5 /* Components */ = {
			isa = PBXGroup;
			children = (
				F4BE4408B3F8C710F1379573 /* CapacityBar.swift */,
				DFBA4EBA43B413171C77AA1A /* DataTable.swift */,
				F81D96348853E9B1ADC3FA7D /* DetailPane.swift */,
				01B4F1DCA3042387B807DDB6 /* HistoryGraph.swift */,
				91F545DF4561B2DD8290A4FE /* StatTile.swift */,
				2F2BCE2074655275A7E15232 /* PageInfoBar.swift */,
				B76D58B9FB26ECF5CE7AE5C8 /* PageToolbar.swift */,
				806516503F37477D8B4E0600 /* ProcessOutlineView.swift */,
				E269CD0E2FD134CFDC202C21 /* UserOutlineView.swift */,
			);
			path = Components;
			sourceTree = "<group>";
		};
/* End PBXGroup section */

/* Begin PBXNativeTarget section */
		2EFF536909A931B6C3336851 /* IDOTaskMaster */ = {
			isa = PBXNativeTarget;
			buildConfigurationList = B01055E67BA1A6FC0B2F7422 /* Build configuration list for PBXNativeTarget "IDOTaskMaster" */;
			buildPhases = (
				20D59040AF8686202063C689 /* Sources */,
				6A2FE07BC0784A022CBD56FD /* Resources */,
			);
			buildRules = (
			);
			dependencies = (
			);
			name = IDOTaskMaster;
			productName = IDOTaskMaster;
			productReference = 3DDB7B0A20759E2F258900A6 /* IDOTaskMaster.app */;
			productType = "com.apple.product-type.application";
		};
/* End PBXNativeTarget section */

/* Begin PBXProject section */
		6B857905AA1DB46BD8B8EAAE /* Project object */ = {
			isa = PBXProject;
			attributes = {
				BuildIndependentTargetsInParallel = YES;
				LastUpgradeCheck = 1430;
				TargetAttributes = {
					2EFF536909A931B6C3336851 = {
						ProvisioningStyle = Automatic;
					};
				};
			};
			buildConfigurationList = 607B94659A114F224EE992F8 /* Build configuration list for PBXProject "IDOTaskMaster" */;
			developmentRegion = en;
			hasScannedForEncodings = 0;
			knownRegions = (
				Base,
				en,
			);
			mainGroup = 6FF3634D16AAD3A4B786EEBE;
			minimizedProjectReferenceProxies = 1;
			preferredProjectObjectVersion = 77;
			productRefGroup = 7521289E62097B9D702B9F64 /* Products */;
			projectDirPath = "";
			projectRoot = "";
			targets = (
				2EFF536909A931B6C3336851 /* IDOTaskMaster */,
			);
		};
/* End PBXProject section */

/* Begin PBXResourcesBuildPhase section */
		6A2FE07BC0784A022CBD56FD /* Resources */ = {
			isa = PBXResourcesBuildPhase;
			buildActionMask = 2147483647;
			files = (
				3462FF9454C981FB67F5B2D4 /* Assets.xcassets in Resources */,
			);
			runOnlyForDeploymentPostprocessing = 0;
		};
/* End PBXResourcesBuildPhase section */

/* Begin PBXSourcesBuildPhase section */
		20D59040AF8686202063C689 /* Sources */ = {
			isa = PBXSourcesBuildPhase;
			buildActionMask = 2147483647;
			files = (
				51C80EE77481548410B8031D /* AppCommands.swift in Sources */,
				3FF764B0AD46E36BDCDE7E64 /* AppShell.swift in Sources */,
				221444AE7113D13318C4AA05 /* CapacityBar.swift in Sources */,
				5C62DD4F715810C2EDEB5196 /* DataTable.swift in Sources */,
				98B0E4D10DE0A00EF81A4D8D /* DetailPane.swift in Sources */,
				C07CCE06F0022681EC560452 /* DomainPalette.swift in Sources */,
				B64EC4D77F6573F39AF4EF8C /* HistoryGraph.swift in Sources */,
				40A7EF8A8F0BBF45861E2A7D /* IDOTaskMasterApp.swift in Sources */,
				49A9BDBE01FF37CBA4A475B7 /* MetricDomain.swift in Sources */,
				F1CC931379C79593987B8F20 /* Sampler.swift in Sources */,
				D66D28FBD4D177CEC4CCE1AB /* SettingsStore.swift in Sources */,
				3C4613DF465070EA4A31CC51 /* Snapshot.swift in Sources */,
				69998A7DFEF5477726CFCECF /* StatTile.swift in Sources */,
				23A13AD14C36720A0EEB2772 /* PageInfoBar.swift in Sources */,
				B7EFF266BC0DA607A452E864 /* PageToolbar.swift in Sources */,
				77A91EA703CA6418B3859CAA /* StatusPalette.swift in Sources */,
				48633E0F147F8FED0C11FDCD /* SidebarPage.swift in Sources */,
				A0AE2BFA9C61F257C052B17D /* PlaceholderPageView.swift in Sources */,
				EDEBC2DC357448180002E9A0 /* SummaryPage.swift in Sources */,
				B175A6690726D2AE7E4437A2 /* PerformancePage.swift in Sources */,
				0C6D0A2B70311B6694DB6A32 /* ProcessesPage.swift in Sources */,
				4E9C351A755713EEDABB744A /* SystemInfoPage.swift in Sources */,
				BF7D43C8C19CD0A85322308B /* StartupPage.swift in Sources */,
				A13FD174581813239ACE7736 /* UsersPage.swift in Sources */,
				1CFEF865253C36A306DF6D7B /* ServicesPage.swift in Sources */,
				1F520226D630D56F256A0BD8 /* PowerFreqPage.swift in Sources */,
				A05F4FC7092087B1C7006DD4 /* ConnectionsPage.swift in Sources */,
				86623E159B3365FFCC6FC38C /* NetworkUsagePage.swift in Sources */,
				C5023E07D3CE54ADEE5B34A3 /* InstalledAppsPage.swift in Sources */,
				E44634C0EDB3A5CB67413C3A /* DiskSpacePage.swift in Sources */,
				F899A3AFAF61E3D8BCBB406A /* BenchmarksPage.swift in Sources */,
				E6160B10479CFD8B01F77853 /* HistoryPage.swift in Sources */,
				9902E029E15F85514F8D4FB2 /* AlertsPage.swift in Sources */,
				066429734C4495D0EF2F6512 /* SettingsPage.swift in Sources */,
				EB898092C65A8A4719C4739F /* ProviderProtocol.swift in Sources */,
				9697A03139EE78D9CE92D854 /* CPUProvider.swift in Sources */,
				8DA001CBB43EA7AA2D259393 /* MemoryProvider.swift in Sources */,
				D4037F0524A3BC0DA6407930 /* DiskProvider.swift in Sources */,
				3C6AD4876B444D518974686B /* GPUProvider.swift in Sources */,
				CF1DE4EFA7F54FC3817E08BE /* NetworkProvider.swift in Sources */,
				2AB9541A24C949EE96A8E58D /* EnergyProvider.swift in Sources */,
				97853EA0FBCD48A884426DC1 /* ThermalProvider.swift in Sources */,
				FA7CD8509E56A4724955D632 /* NPUProvider.swift in Sources */,
				8B2C4E1A9D3F6057B2E4A1C6 /* TopProcessesProvider.swift in Sources */,
				79F0335CC463DC08F89A33BE /* ProcessProvider.swift in Sources */,
				76C3CAA707C24C95B1E35D5D /* ProcessOutlineView.swift in Sources */,
				05B4180819D9E11A6CD2C0C5 /* UserOutlineView.swift in Sources */,
			);
			runOnlyForDeploymentPostprocessing = 0;
		};
/* End PBXSourcesBuildPhase section */

/* Begin XCBuildConfiguration section */
		18F7FE09B33D44B600704315 /* Release */ = {
			isa = XCBuildConfiguration;
			buildSettings = {
				ASSETCATALOG_COMPILER_APPICON_NAME = AppIcon;
				ASSETCATALOG_COMPILER_GLOBAL_ACCENT_COLOR_NAME = AccentColor;
				CODE_SIGN_STYLE = Automatic;
				COMBINE_HIDPI_IMAGES = YES;
				CURRENT_PROJECT_VERSION = 1;
				ENABLE_HARDENED_RUNTIME = YES;
				GENERATE_INFOPLIST_FILE = YES;
				INFOPLIST_KEY_LSApplicationCategoryType = "public.app-category.utilities";
				INFOPLIST_KEY_NSHumanReadableCopyright = "Copyright © 2026";
				INFOPLIST_KEY_NSPrincipalClass = NSApplication;
				LD_RUNPATH_SEARCH_PATHS = (
					"$(inherited)",
					"@executable_path/../Frameworks",
				);
				MACOSX_DEPLOYMENT_TARGET = 13.0;
				MARKETING_VERSION = 0.1.0;
				PRODUCT_BUNDLE_IDENTIFIER = com.idotaskmaster.mac;
				PRODUCT_NAME = IDOTaskMaster;
				SDKROOT = macosx;
				SWIFT_VERSION = 5.0;
			};
			name = Release;
		};
		56AF6DFE6AA9A9A4923768CC /* Debug */ = {
			isa = XCBuildConfiguration;
			buildSettings = {
				ALWAYS_SEARCH_USER_PATHS = NO;
				CLANG_ANALYZER_NONNULL = YES;
				CLANG_ANALYZER_NUMBER_OBJECT_CONVERSION = YES_AGGRESSIVE;
				CLANG_CXX_LANGUAGE_STANDARD = "gnu++14";
				CLANG_CXX_LIBRARY = "libc++";
				CLANG_ENABLE_MODULES = YES;
				CLANG_ENABLE_OBJC_ARC = YES;
				CLANG_ENABLE_OBJC_WEAK = YES;
				CLANG_WARN_BLOCK_CAPTURE_AUTORELEASING = YES;
				CLANG_WARN_BOOL_CONVERSION = YES;
				CLANG_WARN_COMMA = YES;
				CLANG_WARN_CONSTANT_CONVERSION = YES;
				CLANG_WARN_DEPRECATED_OBJC_IMPLEMENTATIONS = YES;
				CLANG_WARN_DIRECT_OBJC_ISA_USAGE = YES_ERROR;
				CLANG_WARN_DOCUMENTATION_COMMENTS = YES;
				CLANG_WARN_EMPTY_BODY = YES;
				CLANG_WARN_ENUM_CONVERSION = YES;
				CLANG_WARN_INFINITE_RECURSION = YES;
				CLANG_WARN_INT_CONVERSION = YES;
				CLANG_WARN_NON_LITERAL_NULL_CONVERSION = YES;
				CLANG_WARN_OBJC_IMPLICIT_RETAIN_SELF = YES;
				CLANG_WARN_OBJC_LITERAL_CONVERSION = YES;
				CLANG_WARN_OBJC_ROOT_CLASS = YES_ERROR;
				CLANG_WARN_QUOTED_INCLUDE_IN_FRAMEWORK_HEADER = YES;
				CLANG_WARN_RANGE_LOOP_ANALYSIS = YES;
				CLANG_WARN_STRICT_PROTOTYPES = YES;
				CLANG_WARN_SUSPICIOUS_MOVE = YES;
				CLANG_WARN_UNGUARDED_AVAILABILITY = YES_AGGRESSIVE;
				CLANG_WARN_UNREACHABLE_CODE = YES;
				CLANG_WARN__DUPLICATE_METHOD_MATCH = YES;
				COPY_PHASE_STRIP = NO;
				DEBUG_INFORMATION_FORMAT = dwarf;
				ENABLE_STRICT_OBJC_MSGSEND = YES;
				ENABLE_TESTABILITY = YES;
				GCC_C_LANGUAGE_STANDARD = gnu11;
				GCC_DYNAMIC_NO_PIC = NO;
				GCC_NO_COMMON_BLOCKS = YES;
				GCC_OPTIMIZATION_LEVEL = 0;
				GCC_PREPROCESSOR_DEFINITIONS = (
					"$(inherited)",
					"DEBUG=1",
				);
				GCC_WARN_64_TO_32_BIT_CONVERSION = YES;
				GCC_WARN_ABOUT_RETURN_TYPE = YES_ERROR;
				GCC_WARN_UNDECLARED_SELECTOR = YES;
				GCC_WARN_UNINITIALIZED_AUTOS = YES_AGGRESSIVE;
				GCC_WARN_UNUSED_FUNCTION = YES;
				GCC_WARN_UNUSED_VARIABLE = YES;
				MACOSX_DEPLOYMENT_TARGET = 13.0;
				MTL_ENABLE_DEBUG_INFO = INCLUDE_SOURCE;
				MTL_FAST_MATH = YES;
				ONLY_ACTIVE_ARCH = YES;
				PRODUCT_NAME = "$(TARGET_NAME)";
				SDKROOT = macosx;
				SWIFT_ACTIVE_COMPILATION_CONDITIONS = DEBUG;
				SWIFT_OPTIMIZATION_LEVEL = "-Onone";
				SWIFT_VERSION = 5.0;
			};
			name = Debug;
		};
		93EF2968C313E17099367D5F /* Release */ = {
			isa = XCBuildConfiguration;
			buildSettings = {
				ALWAYS_SEARCH_USER_PATHS = NO;
				CLANG_ANALYZER_NONNULL = YES;
				CLANG_ANALYZER_NUMBER_OBJECT_CONVERSION = YES_AGGRESSIVE;
				CLANG_CXX_LANGUAGE_STANDARD = "gnu++14";
				CLANG_CXX_LIBRARY = "libc++";
				CLANG_ENABLE_MODULES = YES;
				CLANG_ENABLE_OBJC_ARC = YES;
				CLANG_ENABLE_OBJC_WEAK = YES;
				CLANG_WARN_BLOCK_CAPTURE_AUTORELEASING = YES;
				CLANG_WARN_BOOL_CONVERSION = YES;
				CLANG_WARN_COMMA = YES;
				CLANG_WARN_CONSTANT_CONVERSION = YES;
				CLANG_WARN_DEPRECATED_OBJC_IMPLEMENTATIONS = YES;
				CLANG_WARN_DIRECT_OBJC_ISA_USAGE = YES_ERROR;
				CLANG_WARN_DOCUMENTATION_COMMENTS = YES;
				CLANG_WARN_EMPTY_BODY = YES;
				CLANG_WARN_ENUM_CONVERSION = YES;
				CLANG_WARN_INFINITE_RECURSION = YES;
				CLANG_WARN_INT_CONVERSION = YES;
				CLANG_WARN_NON_LITERAL_NULL_CONVERSION = YES;
				CLANG_WARN_OBJC_IMPLICIT_RETAIN_SELF = YES;
				CLANG_WARN_OBJC_LITERAL_CONVERSION = YES;
				CLANG_WARN_OBJC_ROOT_CLASS = YES_ERROR;
				CLANG_WARN_QUOTED_INCLUDE_IN_FRAMEWORK_HEADER = YES;
				CLANG_WARN_RANGE_LOOP_ANALYSIS = YES;
				CLANG_WARN_STRICT_PROTOTYPES = YES;
				CLANG_WARN_SUSPICIOUS_MOVE = YES;
				CLANG_WARN_UNGUARDED_AVAILABILITY = YES_AGGRESSIVE;
				CLANG_WARN_UNREACHABLE_CODE = YES;
				CLANG_WARN__DUPLICATE_METHOD_MATCH = YES;
				COPY_PHASE_STRIP = NO;
				DEBUG_INFORMATION_FORMAT = "dwarf-with-dsym";
				ENABLE_NS_ASSERTIONS = NO;
				ENABLE_STRICT_OBJC_MSGSEND = YES;
				GCC_C_LANGUAGE_STANDARD = gnu11;
				GCC_NO_COMMON_BLOCKS = YES;
				GCC_WARN_64_TO_32_BIT_CONVERSION = YES;
				GCC_WARN_ABOUT_RETURN_TYPE = YES_ERROR;
				GCC_WARN_UNDECLARED_SELECTOR = YES;
				GCC_WARN_UNINITIALIZED_AUTOS = YES_AGGRESSIVE;
				GCC_WARN_UNUSED_FUNCTION = YES;
				GCC_WARN_UNUSED_VARIABLE = YES;
				MACOSX_DEPLOYMENT_TARGET = 13.0;
				MTL_ENABLE_DEBUG_INFO = NO;
				MTL_FAST_MATH = YES;
				PRODUCT_NAME = "$(TARGET_NAME)";
				SDKROOT = macosx;
				SWIFT_COMPILATION_MODE = wholemodule;
				SWIFT_OPTIMIZATION_LEVEL = "-O";
				SWIFT_VERSION = 5.0;
			};
			name = Release;
		};
		DA4CF266F1B9EACEB469DD6E /* Debug */ = {
			isa = XCBuildConfiguration;
			buildSettings = {
				ASSETCATALOG_COMPILER_APPICON_NAME = AppIcon;
				ASSETCATALOG_COMPILER_GLOBAL_ACCENT_COLOR_NAME = AccentColor;
				CODE_SIGN_STYLE = Automatic;
				COMBINE_HIDPI_IMAGES = YES;
				CURRENT_PROJECT_VERSION = 1;
				ENABLE_HARDENED_RUNTIME = YES;
				GENERATE_INFOPLIST_FILE = YES;
				INFOPLIST_KEY_LSApplicationCategoryType = "public.app-category.utilities";
				INFOPLIST_KEY_NSHumanReadableCopyright = "Copyright © 2026";
				INFOPLIST_KEY_NSPrincipalClass = NSApplication;
				LD_RUNPATH_SEARCH_PATHS = (
					"$(inherited)",
					"@executable_path/../Frameworks",
				);
				MACOSX_DEPLOYMENT_TARGET = 13.0;
				MARKETING_VERSION = 0.1.0;
				PRODUCT_BUNDLE_IDENTIFIER = com.idotaskmaster.mac;
				PRODUCT_NAME = IDOTaskMaster;
				SDKROOT = macosx;
				SWIFT_VERSION = 5.0;
			};
			name = Debug;
		};
/* End XCBuildConfiguration section */

/* Begin XCConfigurationList section */
		607B94659A114F224EE992F8 /* Build configuration list for PBXProject "IDOTaskMaster" */ = {
			isa = XCConfigurationList;
			buildConfigurations = (
				56AF6DFE6AA9A9A4923768CC /* Debug */,
				93EF2968C313E17099367D5F /* Release */,
			);
			defaultConfigurationIsVisible = 0;
			defaultConfigurationName = Debug;
		};
		B01055E67BA1A6FC0B2F7422 /* Build configuration list for PBXNativeTarget "IDOTaskMaster" */ = {
			isa = XCConfigurationList;
			buildConfigurations = (
				DA4CF266F1B9EACEB469DD6E /* Debug */,
				18F7FE09B33D44B600704315 /* Release */,
			);
			defaultConfigurationIsVisible = 0;
			defaultConfigurationName = Debug;
		};
/* End XCConfigurationList section */
	};
	rootObject = 6B857905AA1DB46BD8B8EAAE /* Project object */;
}
